<Solution>
  <Folder Name="/src/">
    <Project Path="src/Asumistuki.Api/Asumistuki.Api.csproj" />
    <Project Path="src/Asumistuki.Testipenkki/Asumistuki.Testipenkki.csproj" />
    <Project Path="src/Asumistuki/Asumistuki.csproj" />
  </Folder>
  <Folder Name="/tests/">
    <Project Path="tests/Asumistuki.Tests/Asumistuki.Tests.csproj" />
  </Folder>
  <Project Path="../../kirjastot/Eepos.Kunnat/Eepos.Kunnat.csproj" />
</Solution>
